
Microsoft Visual Studio Solution File, Format Version 12.00
# Visual Studio Version 17
VisualStudioVersion = 17.0.31912.275
MinimumVisualStudioVersion = 10.0.40219.1
Project("{FAE04EC0-301F-11D3-BF4B-00C04F79EFBC}") = "XML_WebGrid-aspnetmvc", "XML_WebGrid-aspnetmvc\XML_WebGrid-aspnetmvc.csproj", "{3C988B05-DB81-4580-BC0C-C5B8D156B7E0}"
EndProject
Global
	GlobalSection(SolutionConfigurationPlatforms) = preSolution
		Debug|Any CPU = Debug|Any CPU
		Release|Any CPU = Release|Any CPU
	EndGlobalSection
	GlobalSection(ProjectConfigurationPlatforms) = postSolution
		{3C988B05-DB81-4580-BC0C-C5B8D156B7E0}.Debug|Any CPU.ActiveCfg = Debug|Any CPU
		{3C988B05-DB81-4580-BC0C-C5B8D156B7E0}.Debug|Any CPU.Build.0 = Debug|Any CPU
		{3C988B05-DB81-4580-BC0C-C5B8D156B7E0}.Release|Any CPU.ActiveCfg = Release|Any CPU
		{3C988B05-DB81-4580-BC0C-C5B8D156B7E0}.Release|Any CPU.Build.0 = Release|Any CPU
	EndGlobalSection
	GlobalSection(SolutionProperties) = preSolution
		HideSolutionNode = FALSE
	EndGlobalSection
	GlobalSection(ExtensibilityGlobals) = postSolution
		SolutionGuid = {89577BE0-0B4C-4CA3-83A3-050E44149716}
	EndGlobalSection
EndGlobal
